
Microsoft Visual Studio Solution File, Format Version 12.00
# Visual Studio Version 17
VisualStudioVersion = 17.5.002.0
MinimumVisualStudioVersion = 10.0.40219.1
Project("{9A19103F-16F7-4668-BE54-9A1E7A4F7556}") = "ControleDespesas", "ControleDespesas.csproj", "{DB45FE05-96E2-4327-B415-B8D28C864D72}"
EndProject
Global
	GlobalSection(SolutionConfigurationPlatforms) = preSolution
		Debug|Any CPU = Debug|Any CPU
		Release|Any CPU = Release|Any CPU
	EndGlobalSection
	GlobalSection(ProjectConfigurationPlatforms) = postSolution
		{DB45FE05-96E2-4327-B415-B8D28C864D72}.Debug|Any CPU.ActiveCfg = Debug|Any CPU
		{DB45FE05-96E2-4327-B415-B8D28C864D72}.Debug|Any CPU.Build.0 = Debug|Any CPU
		{DB45FE05-96E2-4327-B415-B8D28C864D72}.Release|Any CPU.ActiveCfg = Release|Any CPU
		{DB45FE05-96E2-4327-B415-B8D28C864D72}.Release|Any CPU.Build.0 = Release|Any CPU
	EndGlobalSection
	GlobalSection(SolutionProperties) = preSolution
		HideSolutionNode = FALSE
	EndGlobalSection
	GlobalSection(ExtensibilityGlobals) = postSolution
		SolutionGuid = {E98ADC2D-2B36-435F-B257-C9F5C4CB7695}
	EndGlobalSection
EndGlobal
